<?xml version="1.0" encoding="UTF-8" standalone="yes" ?>
<CodeBlocks_project_file>
	<FileVersion major="1" minor="6" />
	<Project>
		<Option title="ais_readers-manager-gui-wxwidgets" />
		<Option pch_mode="2" />
		<Option compiler="gcc" />
		<Build>
			<Target title="Debug">
				<Option output="bin/Debug/ais_readers-manager-gui-wxwidgets" prefix_auto="1" extension_auto="1" />
				<Option object_output="obj/Debug/" />
				<Option type="0" />
				<Option compiler="gcc" />
				<Option projectLinkerOptionsRelation="2" />
				<Compiler>
					<Add option="-g" />
					<Add option="`wx-config  --version=3.0 --static=no --unicode=yes --debug=yes --cflags`" />
				</Compiler>
				<Linker>
					<Add option="`wx-config  --version=3.0 --static=no --unicode=yes --debug=yes --libs`" />
				</Linker>
			</Target>
			<Target title="Release">
				<Option output="bin/Release/ais_readers-manager-gui-wxwidgets" prefix_auto="1" extension_auto="1" />
				<Option object_output="obj/Release/" />
				<Option type="0" />
				<Option compiler="gcc" />
				<Option projectLinkerOptionsRelation="2" />
				<Compiler>
					<Add option="-O2" />
					<Add option="`wx-config  --version=3.0 --static=no --unicode=yes --debug=no --cflags`" />
				</Compiler>
				<Linker>
					<Add option="-s" />
					<Add option="`wx-config  --version=3.0 --static=no --unicode=yes --debug=no --libs`" />
				</Linker>
			</Target>
		</Build>
		<Compiler>
			<Add option="-Wall" />
		</Compiler>
		<Unit filename="ais_readers_manager_gui_wxwidgetsApp.cpp" />
		<Unit filename="ais_readers_manager_gui_wxwidgetsApp.h" />
		<Unit filename="ais_readers_manager_gui_wxwidgetsMain.cpp" />
		<Unit filename="ais_readers_manager_gui_wxwidgetsMain.h" />
		<Unit filename="wxsmith/ais_readers_manager_gui_wxwidgetsframe.wxs" />
		<Extensions>
			<envvars />
			<code_completion />
			<wxsmith version="1">
				<gui name="wxWidgets" src="ais_readers_manager_gui_wxwidgetsApp.cpp" main="ais_readers_manager_gui_wxwidgetsFrame" init_handlers="necessary" language="CPP" />
				<resources>
					<wxFrame wxs="wxsmith/ais_readers_manager_gui_wxwidgetsframe.wxs" src="ais_readers_manager_gui_wxwidgetsMain.cpp" hdr="ais_readers_manager_gui_wxwidgetsMain.h" fwddecl="0" i18n="1" name="ais_readers_manager_gui_wxwidgetsFrame" language="CPP" />
				</resources>
			</wxsmith>
			<lib_finder disable_auto="1" />
			<debugger />
		</Extensions>
	</Project>
</CodeBlocks_project_file>
